
Microsoft Visual Studio Solution File, Format Version 12.00
# Visual Studio Version 16
VisualStudioVersion = 16.0.29613.14
MinimumVisualStudioVersion = 10.0.40219.1
Project("{FAE04EC0-301F-11D3-BF4B-00C04F79EFBC}") = "StaticFiles", "StaticFiles\StaticFiles.csproj", "{FD081C86-6D90-4CF3-B40C-4DC014C089AB}"
EndProject
Global
	GlobalSection(SolutionConfigurationPlatforms) = preSolution
		Debug|Any CPU = Debug|Any CPU
		Release|Any CPU = Release|Any CPU
	EndGlobalSection
	GlobalSection(ProjectConfigurationPlatforms) = postSolution
		{FD081C86-6D90-4CF3-B40C-4DC014C089AB}.Debug|Any CPU.ActiveCfg = Debug|Any CPU
		{FD081C86-6D90-4CF3-B40C-4DC014C089AB}.Debug|Any CPU.Build.0 = Debug|Any CPU
		{FD081C86-6D90-4CF3-B40C-4DC014C089AB}.Release|Any CPU.ActiveCfg = Release|Any CPU
		{FD081C86-6D90-4CF3-B40C-4DC014C089AB}.Release|Any CPU.Build.0 = Release|Any CPU
	EndGlobalSection
	GlobalSection(SolutionProperties) = preSolution
		HideSolutionNode = FALSE
	EndGlobalSection
	GlobalSection(ExtensibilityGlobals) = postSolution
		SolutionGuid = {EB71B7E2-79E9-4FE5-81CA-99BB63893895}
	EndGlobalSection
EndGlobal
