
Microsoft Visual Studio Solution File, Format Version 12.00
# Visual Studio Version 16
VisualStudioVersion = 16.0.29613.14
MinimumVisualStudioVersion = 10.0.40219.1
Project("{FAE04EC0-301F-11D3-BF4B-00C04F79EFBC}") = "MyEnumerable", "MyEnumerable\MyEnumerable.csproj", "{F2FEF821-BDBF-44F1-AC82-9E092F8954AF}"
EndProject
Global
	GlobalSection(SolutionConfigurationPlatforms) = preSolution
		Debug|Any CPU = Debug|Any CPU
		Release|Any CPU = Release|Any CPU
	EndGlobalSection
	GlobalSection(ProjectConfigurationPlatforms) = postSolution
		{F2FEF821-BDBF-44F1-AC82-9E092F8954AF}.Debug|Any CPU.ActiveCfg = Debug|Any CPU
		{F2FEF821-BDBF-44F1-AC82-9E092F8954AF}.Debug|Any CPU.Build.0 = Debug|Any CPU
		{F2FEF821-BDBF-44F1-AC82-9E092F8954AF}.Release|Any CPU.ActiveCfg = Release|Any CPU
		{F2FEF821-BDBF-44F1-AC82-9E092F8954AF}.Release|Any CPU.Build.0 = Release|Any CPU
	EndGlobalSection
	GlobalSection(SolutionProperties) = preSolution
		HideSolutionNode = FALSE
	EndGlobalSection
	GlobalSection(ExtensibilityGlobals) = postSolution
		SolutionGuid = {DDA745C6-BF71-4FF5-A8A5-F922F6539481}
	EndGlobalSection
EndGlobal
