
Microsoft Visual Studio Solution File, Format Version 12.00
# Visual Studio Version 16
VisualStudioVersion = 16.0.29613.14
MinimumVisualStudioVersion = 10.0.40219.1
Project("{FAE04EC0-301F-11D3-BF4B-00C04F79EFBC}") = "Options", "Options\Options.csproj", "{A99AC129-BFC4-43A3-9F69-657AD6891098}"
EndProject
Global
	GlobalSection(SolutionConfigurationPlatforms) = preSolution
		Debug|Any CPU = Debug|Any CPU
		Release|Any CPU = Release|Any CPU
	EndGlobalSection
	GlobalSection(ProjectConfigurationPlatforms) = postSolution
		{A99AC129-BFC4-43A3-9F69-657AD6891098}.Debug|Any CPU.ActiveCfg = Debug|Any CPU
		{A99AC129-BFC4-43A3-9F69-657AD6891098}.Debug|Any CPU.Build.0 = Debug|Any CPU
		{A99AC129-BFC4-43A3-9F69-657AD6891098}.Release|Any CPU.ActiveCfg = Release|Any CPU
		{A99AC129-BFC4-43A3-9F69-657AD6891098}.Release|Any CPU.Build.0 = Release|Any CPU
	EndGlobalSection
	GlobalSection(SolutionProperties) = preSolution
		HideSolutionNode = FALSE
	EndGlobalSection
	GlobalSection(ExtensibilityGlobals) = postSolution
		SolutionGuid = {9C33958C-D54D-4005-A7BA-D78975A37961}
	EndGlobalSection
EndGlobal
