
Microsoft Visual Studio Solution File, Format Version 12.00
# Visual Studio Version 16
VisualStudioVersion = 16.0.29613.14
MinimumVisualStudioVersion = 10.0.40219.1
Project("{9A19103F-16F7-4668-BE54-9A1E7A4F7556}") = "Routing", "Routing\Routing.csproj", "{D3BC3DB3-1D59-485F-A576-04FD35601FD9}"
EndProject
Global
	GlobalSection(SolutionConfigurationPlatforms) = preSolution
		Debug|Any CPU = Debug|Any CPU
		Release|Any CPU = Release|Any CPU
	EndGlobalSection
	GlobalSection(ProjectConfigurationPlatforms) = postSolution
		{D3BC3DB3-1D59-485F-A576-04FD35601FD9}.Debug|Any CPU.ActiveCfg = Debug|Any CPU
		{D3BC3DB3-1D59-485F-A576-04FD35601FD9}.Debug|Any CPU.Build.0 = Debug|Any CPU
		{D3BC3DB3-1D59-485F-A576-04FD35601FD9}.Release|Any CPU.ActiveCfg = Release|Any CPU
		{D3BC3DB3-1D59-485F-A576-04FD35601FD9}.Release|Any CPU.Build.0 = Release|Any CPU
	EndGlobalSection
	GlobalSection(SolutionProperties) = preSolution
		HideSolutionNode = FALSE
	EndGlobalSection
	GlobalSection(ExtensibilityGlobals) = postSolution
		SolutionGuid = {D5B232D8-B132-4BF2-A03B-B55FEEAC50BE}
	EndGlobalSection
EndGlobal
