
Microsoft Visual Studio Solution File, Format Version 12.00
# Visual Studio Version 16
VisualStudioVersion = 16.0.29613.14
MinimumVisualStudioVersion = 10.0.40219.1
Project("{FAE04EC0-301F-11D3-BF4B-00C04F79EFBC}") = "Middleware", "Middleware\Middleware.csproj", "{C77D8DEA-1EF4-4726-9810-0DC0CBE21466}"
EndProject
Global
	GlobalSection(SolutionConfigurationPlatforms) = preSolution
		Debug|Any CPU = Debug|Any CPU
		Release|Any CPU = Release|Any CPU
	EndGlobalSection
	GlobalSection(ProjectConfigurationPlatforms) = postSolution
		{C77D8DEA-1EF4-4726-9810-0DC0CBE21466}.Debug|Any CPU.ActiveCfg = Debug|Any CPU
		{C77D8DEA-1EF4-4726-9810-0DC0CBE21466}.Debug|Any CPU.Build.0 = Debug|Any CPU
		{C77D8DEA-1EF4-4726-9810-0DC0CBE21466}.Release|Any CPU.ActiveCfg = Release|Any CPU
		{C77D8DEA-1EF4-4726-9810-0DC0CBE21466}.Release|Any CPU.Build.0 = Release|Any CPU
	EndGlobalSection
	GlobalSection(SolutionProperties) = preSolution
		HideSolutionNode = FALSE
	EndGlobalSection
	GlobalSection(ExtensibilityGlobals) = postSolution
		SolutionGuid = {F5DAB6BC-142A-40BF-9613-2B2DCFB7CF1B}
	EndGlobalSection
EndGlobal
