
Microsoft Visual Studio Solution File, Format Version 12.00
# Visual Studio Version 16
VisualStudioVersion = 16.0.29613.14
MinimumVisualStudioVersion = 10.0.40219.1
Project("{FAE04EC0-301F-11D3-BF4B-00C04F79EFBC}") = "MyException", "Exception\MyException.csproj", "{A65BB155-CCEF-4D0D-9A54-FD20E8B2A9C3}"
EndProject
Global
	GlobalSection(SolutionConfigurationPlatforms) = preSolution
		Debug|Any CPU = Debug|Any CPU
		Release|Any CPU = Release|Any CPU
	EndGlobalSection
	GlobalSection(ProjectConfigurationPlatforms) = postSolution
		{A65BB155-CCEF-4D0D-9A54-FD20E8B2A9C3}.Debug|Any CPU.ActiveCfg = Debug|Any CPU
		{A65BB155-CCEF-4D0D-9A54-FD20E8B2A9C3}.Debug|Any CPU.Build.0 = Debug|Any CPU
		{A65BB155-CCEF-4D0D-9A54-FD20E8B2A9C3}.Release|Any CPU.ActiveCfg = Release|Any CPU
		{A65BB155-CCEF-4D0D-9A54-FD20E8B2A9C3}.Release|Any CPU.Build.0 = Release|Any CPU
	EndGlobalSection
	GlobalSection(SolutionProperties) = preSolution
		HideSolutionNode = FALSE
	EndGlobalSection
	GlobalSection(ExtensibilityGlobals) = postSolution
		SolutionGuid = {DF255F7D-1202-43A0-B7DB-13D55C1AF2C6}
	EndGlobalSection
EndGlobal
