
Microsoft Visual Studio Solution File, Format Version 12.00
# Visual Studio Version 16
VisualStudioVersion = 16.0.29613.14
MinimumVisualStudioVersion = 10.0.40219.1
Project("{2150E333-8FDC-42A3-9474-1A3956D46DE8}") = "ApiGateways", "ApiGateways", "{5C73D9B1-907B-466F-B20C-B14BBD47CD7C}"
EndProject
Project("{9A19103F-16F7-4668-BE54-9A1E7A4F7556}") = "Dennis.Mobile.ApiAggregator", "Dennis.Mobile.ApiAggregator\Dennis.Mobile.ApiAggregator.csproj", "{442B54B2-3BF9-4806-B9E0-6ABAB6D1A6A4}"
EndProject
Project("{9A19103F-16F7-4668-BE54-9A1E7A4F7556}") = "Dennis.Mobile.Gateway", "Dennis.Mobile.Gateway\Dennis.Mobile.Gateway.csproj", "{E03F48BB-59D8-41D0-8378-6F6C1464DD40}"
EndProject
Project("{2150E333-8FDC-42A3-9474-1A3956D46DE8}") = "Services", "Services", "{39AE37FF-D188-428C-B2DE-E41B622133E7}"
EndProject
Project("{2150E333-8FDC-42A3-9474-1A3956D46DE8}") = "Ordering", "Ordering", "{102E6F48-3A9C-46E6-BC42-35E666B684B7}"
EndProject
Project("{9A19103F-16F7-4668-BE54-9A1E7A4F7556}") = "Dennis.Ordering.API", "Dennis.Ordering.API\Dennis.Ordering.API.csproj", "{067D1CE5-191D-4580-998A-39B46873941A}"
EndProject
Project("{9A19103F-16F7-4668-BE54-9A1E7A4F7556}") = "Dennis.Gateway", "Dennis.Gateway\Dennis.Gateway.csproj", "{0C665772-E85C-4D6B-BFE5-039829812614}"
EndProject
Project("{2150E333-8FDC-42A3-9474-1A3956D46DE8}") = "Shared", "Shared", "{B7113845-A241-4924-919E-70DE511813AB}"
EndProject
Project("{9A19103F-16F7-4668-BE54-9A1E7A4F7556}") = "Dennis.Core", "Dennis.Core\Dennis.Core.csproj", "{F3554795-EBD5-4DBB-ADB4-558449ABEA8A}"
EndProject
Project("{9A19103F-16F7-4668-BE54-9A1E7A4F7556}") = "Dennis.Domain.Abstractions", "Dennis.Domain.Abstractions\Dennis.Domain.Abstractions.csproj", "{5C661727-02B0-4A29-910D-D997D36890C5}"
EndProject
Project("{9A19103F-16F7-4668-BE54-9A1E7A4F7556}") = "Dennis.Extensions.Http", "Dennis.Extensions.Http\Dennis.Extensions.Http.csproj", "{6724AE37-DD7A-4936-AF48-402C6C68D67A}"
EndProject
Project("{9A19103F-16F7-4668-BE54-9A1E7A4F7556}") = "Dennis.Infrastructure.Core", "Dennis.Infrastructure.Core\Dennis.Infrastructure.Core.csproj", "{0F160DAB-B9DA-4CF8-B674-3C90296957AA}"
EndProject
Project("{9A19103F-16F7-4668-BE54-9A1E7A4F7556}") = "Dennis.Ordering.BackgroundTask", "Dennis.Ordering.BackgroundTask\Dennis.Ordering.BackgroundTask.csproj", "{6F60257E-9212-4EF0-BDD9-425D97D9430A}"
EndProject
Project("{9A19103F-16F7-4668-BE54-9A1E7A4F7556}") = "Dennis.Ordering.Domain", "Dennis.Ordering.Domain\Dennis.Ordering.Domain.csproj", "{069AAC35-CD1E-4F0A-8E60-95FC4EF1786B}"
EndProject
Project("{9A19103F-16F7-4668-BE54-9A1E7A4F7556}") = "Dennis.Ordering.Infrastructure", "Dennis.Ordering.Infrastructure\Dennis.Ordering.Infrastructure.csproj", "{9DB117CF-FA46-4738-B8C6-1648045DDCEC}"
EndProject
Project("{2150E333-8FDC-42A3-9474-1A3956D46DE8}") = "Monitor", "Monitor", "{386C08BD-F62C-4870-8AA3-C39CF56FBDA4}"
EndProject
Project("{FAE04EC0-301F-11D3-BF4B-00C04F79EFBC}") = "Dennis.HealthChecksHost", "Dennis.HealthChecksHost\Dennis.HealthChecksHost.csproj", "{3FA35A52-46D1-411A-A612-5885312DA165}"
EndProject
Global
	GlobalSection(SolutionConfigurationPlatforms) = preSolution
		Debug|Any CPU = Debug|Any CPU
		Release|Any CPU = Release|Any CPU
	EndGlobalSection
	GlobalSection(ProjectConfigurationPlatforms) = postSolution
		{442B54B2-3BF9-4806-B9E0-6ABAB6D1A6A4}.Debug|Any CPU.ActiveCfg = Debug|Any CPU
		{442B54B2-3BF9-4806-B9E0-6ABAB6D1A6A4}.Debug|Any CPU.Build.0 = Debug|Any CPU
		{442B54B2-3BF9-4806-B9E0-6ABAB6D1A6A4}.Release|Any CPU.ActiveCfg = Release|Any CPU
		{442B54B2-3BF9-4806-B9E0-6ABAB6D1A6A4}.Release|Any CPU.Build.0 = Release|Any CPU
		{E03F48BB-59D8-41D0-8378-6F6C1464DD40}.Debug|Any CPU.ActiveCfg = Debug|Any CPU
		{E03F48BB-59D8-41D0-8378-6F6C1464DD40}.Debug|Any CPU.Build.0 = Debug|Any CPU
		{E03F48BB-59D8-41D0-8378-6F6C1464DD40}.Release|Any CPU.ActiveCfg = Release|Any CPU
		{E03F48BB-59D8-41D0-8378-6F6C1464DD40}.Release|Any CPU.Build.0 = Release|Any CPU
		{067D1CE5-191D-4580-998A-39B46873941A}.Debug|Any CPU.ActiveCfg = Debug|Any CPU
		{067D1CE5-191D-4580-998A-39B46873941A}.Debug|Any CPU.Build.0 = Debug|Any CPU
		{067D1CE5-191D-4580-998A-39B46873941A}.Release|Any CPU.ActiveCfg = Release|Any CPU
		{067D1CE5-191D-4580-998A-39B46873941A}.Release|Any CPU.Build.0 = Release|Any CPU
		{0C665772-E85C-4D6B-BFE5-039829812614}.Debug|Any CPU.ActiveCfg = Debug|Any CPU
		{0C665772-E85C-4D6B-BFE5-039829812614}.Debug|Any CPU.Build.0 = Debug|Any CPU
		{0C665772-E85C-4D6B-BFE5-039829812614}.Release|Any CPU.ActiveCfg = Release|Any CPU
		{0C665772-E85C-4D6B-BFE5-039829812614}.Release|Any CPU.Build.0 = Release|Any CPU
		{F3554795-EBD5-4DBB-ADB4-558449ABEA8A}.Debug|Any CPU.ActiveCfg = Debug|Any CPU
		{F3554795-EBD5-4DBB-ADB4-558449ABEA8A}.Debug|Any CPU.Build.0 = Debug|Any CPU
		{F3554795-EBD5-4DBB-ADB4-558449ABEA8A}.Release|Any CPU.ActiveCfg = Release|Any CPU
		{F3554795-EBD5-4DBB-ADB4-558449ABEA8A}.Release|Any CPU.Build.0 = Release|Any CPU
		{5C661727-02B0-4A29-910D-D997D36890C5}.Debug|Any CPU.ActiveCfg = Debug|Any CPU
		{5C661727-02B0-4A29-910D-D997D36890C5}.Debug|Any CPU.Build.0 = Debug|Any CPU
		{5C661727-02B0-4A29-910D-D997D36890C5}.Release|Any CPU.ActiveCfg = Release|Any CPU
		{5C661727-02B0-4A29-910D-D997D36890C5}.Release|Any CPU.Build.0 = Release|Any CPU
		{6724AE37-DD7A-4936-AF48-402C6C68D67A}.Debug|Any CPU.ActiveCfg = Debug|Any CPU
		{6724AE37-DD7A-4936-AF48-402C6C68D67A}.Debug|Any CPU.Build.0 = Debug|Any CPU
		{6724AE37-DD7A-4936-AF48-402C6C68D67A}.Release|Any CPU.ActiveCfg = Release|Any CPU
		{6724AE37-DD7A-4936-AF48-402C6C68D67A}.Release|Any CPU.Build.0 = Release|Any CPU
		{0F160DAB-B9DA-4CF8-B674-3C90296957AA}.Debug|Any CPU.ActiveCfg = Debug|Any CPU
		{0F160DAB-B9DA-4CF8-B674-3C90296957AA}.Debug|Any CPU.Build.0 = Debug|Any CPU
		{0F160DAB-B9DA-4CF8-B674-3C90296957AA}.Release|Any CPU.ActiveCfg = Release|Any CPU
		{0F160DAB-B9DA-4CF8-B674-3C90296957AA}.Release|Any CPU.Build.0 = Release|Any CPU
		{6F60257E-9212-4EF0-BDD9-425D97D9430A}.Debug|Any CPU.ActiveCfg = Debug|Any CPU
		{6F60257E-9212-4EF0-BDD9-425D97D9430A}.Debug|Any CPU.Build.0 = Debug|Any CPU
		{6F60257E-9212-4EF0-BDD9-425D97D9430A}.Release|Any CPU.ActiveCfg = Release|Any CPU
		{6F60257E-9212-4EF0-BDD9-425D97D9430A}.Release|Any CPU.Build.0 = Release|Any CPU
		{069AAC35-CD1E-4F0A-8E60-95FC4EF1786B}.Debug|Any CPU.ActiveCfg = Debug|Any CPU
		{069AAC35-CD1E-4F0A-8E60-95FC4EF1786B}.Debug|Any CPU.Build.0 = Debug|Any CPU
		{069AAC35-CD1E-4F0A-8E60-95FC4EF1786B}.Release|Any CPU.ActiveCfg = Release|Any CPU
		{069AAC35-CD1E-4F0A-8E60-95FC4EF1786B}.Release|Any CPU.Build.0 = Release|Any CPU
		{9DB117CF-FA46-4738-B8C6-1648045DDCEC}.Debug|Any CPU.ActiveCfg = Debug|Any CPU
		{9DB117CF-FA46-4738-B8C6-1648045DDCEC}.Debug|Any CPU.Build.0 = Debug|Any CPU
		{9DB117CF-FA46-4738-B8C6-1648045DDCEC}.Release|Any CPU.ActiveCfg = Release|Any CPU
		{9DB117CF-FA46-4738-B8C6-1648045DDCEC}.Release|Any CPU.Build.0 = Release|Any CPU
		{3FA35A52-46D1-411A-A612-5885312DA165}.Debug|Any CPU.ActiveCfg = Debug|Any CPU
		{3FA35A52-46D1-411A-A612-5885312DA165}.Debug|Any CPU.Build.0 = Debug|Any CPU
		{3FA35A52-46D1-411A-A612-5885312DA165}.Release|Any CPU.ActiveCfg = Release|Any CPU
		{3FA35A52-46D1-411A-A612-5885312DA165}.Release|Any CPU.Build.0 = Release|Any CPU
	EndGlobalSection
	GlobalSection(SolutionProperties) = preSolution
		HideSolutionNode = FALSE
	EndGlobalSection
	GlobalSection(NestedProjects) = preSolution
		{442B54B2-3BF9-4806-B9E0-6ABAB6D1A6A4} = {5C73D9B1-907B-466F-B20C-B14BBD47CD7C}
		{E03F48BB-59D8-41D0-8378-6F6C1464DD40} = {5C73D9B1-907B-466F-B20C-B14BBD47CD7C}
		{102E6F48-3A9C-46E6-BC42-35E666B684B7} = {39AE37FF-D188-428C-B2DE-E41B622133E7}
		{067D1CE5-191D-4580-998A-39B46873941A} = {102E6F48-3A9C-46E6-BC42-35E666B684B7}
		{0C665772-E85C-4D6B-BFE5-039829812614} = {5C73D9B1-907B-466F-B20C-B14BBD47CD7C}
		{F3554795-EBD5-4DBB-ADB4-558449ABEA8A} = {B7113845-A241-4924-919E-70DE511813AB}
		{5C661727-02B0-4A29-910D-D997D36890C5} = {B7113845-A241-4924-919E-70DE511813AB}
		{6724AE37-DD7A-4936-AF48-402C6C68D67A} = {B7113845-A241-4924-919E-70DE511813AB}
		{0F160DAB-B9DA-4CF8-B674-3C90296957AA} = {B7113845-A241-4924-919E-70DE511813AB}
		{6F60257E-9212-4EF0-BDD9-425D97D9430A} = {102E6F48-3A9C-46E6-BC42-35E666B684B7}
		{069AAC35-CD1E-4F0A-8E60-95FC4EF1786B} = {102E6F48-3A9C-46E6-BC42-35E666B684B7}
		{9DB117CF-FA46-4738-B8C6-1648045DDCEC} = {102E6F48-3A9C-46E6-BC42-35E666B684B7}
		{3FA35A52-46D1-411A-A612-5885312DA165} = {386C08BD-F62C-4870-8AA3-C39CF56FBDA4}
	EndGlobalSection
	GlobalSection(ExtensibilityGlobals) = postSolution
		SolutionGuid = {6CBF8C19-4896-4B75-867D-DFA69CC057C7}
	EndGlobalSection
EndGlobal
